schema_version: "1.0"
generated_at: "2026-06-15"
source: "BASELINE_LOCK.json"
route: "ROUTE_A_STRICT_CLEAN_BASELINE"
merge_type: "git_superproject_with_submodules"
executed_external_runtime: false
modules:
  agent-acceptance:
    path: "agent-acceptance"
    role: "governance_acceptance_framework"
    branch: "codex/paper-archive-final-verdict-boundary"
    commit: "01acb792626a0ab1f4f8250148265ab829cb5a4c"
    remote: "https://github.com/RD2100/agent-acceptance.git"
  devframe-control-plane:
    path: "devframe-control-plane"
    role: "control_plane_runtime_candidate"
    branch: "codex/lease-source-lock-contracts"
    commit: "09167bc656f8625c97bfae5c52dae5a0280b116c"
    remote: "https://github.com/RD2100/devframe-control-plane.git"
  dev-frame-opencode:
    path: "dev-frame-opencode"
    role: "opencode_workflow_runtime_candidate"
    branch: "codex/paper-audit-privacy-hard-gate"
    commit: "3b4397655a68712077c042f17f2e1a17f37ba0ba"
    remote: "https://github.com/RD2100/dev-frame-opencode.git"
  test-frame:
    path: "test-frame"
    role: "controlled_verification_runtime_candidate"
    branch: "codex/adapter-negative-matrix"
    commit: "98564a402337ce9f4b8b2b789f64952d82586bb8"
    remote: "https://github.com/RD2100/test-frame.git"
