schema_version: "1.0"
generated_at: "2026-06-15"
source: "BASELINE_LOCK.json"
route: "ROUTE_A_STRICT_CLEAN_BASELINE"
merge_type: "git_superproject_with_submodules"
executed_external_runtime: false
modules:
  agent-acceptance:
    path: "agent-acceptance"
    role: "governance_acceptance_framework"
    branch: "codex/paper-archive-final-verdict-boundary"
    commit: "75f8eb329778d4a8cffb28f6ba79b137038d4fed"
    remote: "https://github.com/RD2100/agent-acceptance.git"
  devframe-control-plane:
    path: "devframe-control-plane"
    role: "control_plane_runtime_candidate"
    branch: "codex/lease-source-lock-contracts"
    commit: "79399541b8426cff0f362b665bad09e3c23e974b"
    remote: "https://github.com/RD2100/devframe-control-plane.git"
  dev-frame-opencode:
    path: "dev-frame-opencode"
    role: "opencode_workflow_runtime_candidate"
    branch: "codex/paper-audit-privacy-hard-gate"
    commit: "f8de96134d61427854cd6e4c35e376914577e8af"
    remote: "https://github.com/RD2100/dev-frame-opencode.git"
  test-frame:
    path: "test-frame"
    role: "controlled_verification_runtime_candidate"
    branch: "codex/adapter-negative-matrix"
    commit: "c3353fb34900aa24f56df5b9c9230f3249d6c01a"
    remote: "https://github.com/RD2100/test-frame.git"
